{
  "version": 4,
  "terraform_version": "1.14.0",
  "serial": 104,
  "lineage": "307dd861-fd10-a34e-e231-01bf4cb59cba",
  "outputs": {
    "cache_ip": {
      "value": "10.0.2.2",
      "type": "string"
    },
    "cache_public_ip": {
      "value": "62.238.27.24",
      "type": "string"
    },
    "database_ip": {
      "value": "10.0.2.3",
      "type": "string"
    },
    "database_public_ip": {
      "value": "89.167.7.69",
      "type": "string"
    },
    "firewall_id": {
      "value": "10960202",
      "type": "string"
    },
    "network_id": {
      "value": "12206400",
      "type": "string"
    },
    "server_ips": {
      "value": [
        "89.167.58.229"
      ],
      "type": [
        "tuple",
        [
          "string"
        ]
      ]
    },
    "ssh_key_id": {
      "value": 112024491,
      "type": "number"
    }
  },
  "resources": [
    {
      "mode": "data",
      "type": "hcloud_ssh_key",
      "name": "deploy",
      "provider": "provider[\"registry.terraform.io/hetznercloud/hcloud\"]",
      "instances": [
        {
          "schema_version": 0,
          "attributes": {
            "fingerprint": "52:c0:1f:9a:df:62:b3:b1:55:be:28:7a:c8:8e:f6:0e",
            "id": 112024491,
            "labels": {},
            "name": "douibaabdelhak2003@gmail.com",
            "public_key": "ssh-ed25519 AAAAC3NzaC1lZDI1NTE5AAAAIC9yC8+P51G6yCuu7bYTG9KGir6+aluC294b/pUZNPkI",
            "selector": null,
            "with_selector": null
          },
          "sensitive_attributes": [],
          "identity_schema_version": 0
        }
      ]
    },
    {
      "module": "module.network",
      "mode": "managed",
      "type": "hcloud_firewall",
      "name": "main",
      "provider": "provider[\"registry.terraform.io/hetznercloud/hcloud\"]",
      "instances": [
        {
          "schema_version": 0,
          "attributes": {
            "apply_to": [
              {
                "label_selector": "",
                "server": 130487263
              },
              {
                "label_selector": "",
                "server": 130487266
              },
              {
                "label_selector": "",
                "server": 130487267
              }
            ],
            "id": "10960202",
            "labels": {
              "environment": "dev"
            },
            "name": "dev-firewall",
            "rule": [
              {
                "description": "",
                "destination_ips": [
                  "0.0.0.0/0",
                  "::/0"
                ],
                "direction": "out",
                "port": "any",
                "protocol": "tcp",
                "source_ips": []
              },
              {
                "description": "",
                "destination_ips": [
                  "0.0.0.0/0",
                  "::/0"
                ],
                "direction": "out",
                "port": "any",
                "protocol": "udp",
                "source_ips": []
              },
              {
                "description": "",
                "destination_ips": [],
                "direction": "in",
                "port": "",
                "protocol": "icmp",
                "source_ips": [
                  "10.0.0.0/16"
                ]
              },
              {
                "description": "",
                "destination_ips": [],
                "direction": "in",
                "port": "22",
                "protocol": "tcp",
                "source_ips": [
                  "0.0.0.0/0",
                  "::/0"
                ]
              },
              {
                "description": "",
                "destination_ips": [],
                "direction": "in",
                "port": "2222",
                "protocol": "tcp",
                "source_ips": [
                  "0.0.0.0/0",
                  "::/0"
                ]
              },
              {
                "description": "",
                "destination_ips": [],
                "direction": "in",
                "port": "443",
                "protocol": "tcp",
                "source_ips": [
                  "0.0.0.0/0",
                  "::/0"
                ]
              },
              {
                "description": "",
                "destination_ips": [],
                "direction": "in",
                "port": "80",
                "protocol": "tcp",
                "source_ips": [
                  "0.0.0.0/0",
                  "::/0"
                ]
              }
            ]
          },
          "sensitive_attributes": [],
          "identity_schema_version": 0,
          "private": "bnVsbA=="
        }
      ]
    },
    {
      "module": "module.network",
      "mode": "managed",
      "type": "hcloud_network",
      "name": "vpc",
      "provider": "provider[\"registry.terraform.io/hetznercloud/hcloud\"]",
      "instances": [
        {
          "schema_version": 0,
          "attributes": {
            "delete_protection": false,
            "expose_routes_to_vswitch": false,
            "id": "12206400",
            "ip_range": "10.0.0.0/16",
            "labels": {
              "environment": "dev"
            },
            "name": "dev-network"
          },
          "sensitive_attributes": [],
          "identity_schema_version": 0,
          "private": "bnVsbA=="
        }
      ]
    },
    {
      "module": "module.network",
      "mode": "managed",
      "type": "hcloud_network_subnet",
      "name": "app_subnet",
      "provider": "provider[\"registry.terraform.io/hetznercloud/hcloud\"]",
      "instances": [
        {
          "schema_version": 0,
          "attributes": {
            "gateway": "10.0.0.1",
            "id": "12206400-10.0.1.0/24",
            "ip_range": "10.0.1.0/24",
            "network_id": 12206400,
            "network_zone": "eu-central",
            "type": "cloud",
            "vswitch_id": null
          },
          "sensitive_attributes": [],
          "identity_schema_version": 0,
          "private": "bnVsbA==",
          "dependencies": [
            "module.network.hcloud_network.vpc"
          ]
        }
      ]
    },
    {
      "module": "module.network",
      "mode": "managed",
      "type": "hcloud_network_subnet",
      "name": "data_subnet",
      "provider": "provider[\"registry.terraform.io/hetznercloud/hcloud\"]",
      "instances": [
        {
          "schema_version": 0,
          "attributes": {
            "gateway": "10.0.0.1",
            "id": "12206400-10.0.2.0/24",
            "ip_range": "10.0.2.0/24",
            "network_id": 12206400,
            "network_zone": "eu-central",
            "type": "cloud",
            "vswitch_id": null
          },
          "sensitive_attributes": [],
          "identity_schema_version": 0,
          "private": "bnVsbA==",
          "dependencies": [
            "module.network.hcloud_network.vpc"
          ]
        }
      ]
    }
  ],
  "check_results": null
}
